
Microsoft Visual Studio Solution File, Format Version 12.00
# Visual Studio Version 17
VisualStudioVersion = 17.14.36414.22
MinimumVisualStudioVersion = 10.0.40219.1
Project("{FAE04EC0-301F-11D3-BF4B-00C04F79EFBC}") = "TelefonRehberi.UI", "TelefonRehberi.UI\TelefonRehberi.UI.csproj", "{A32BC4A4-78E7-4D51-8E37-839045D369ED}"
EndProject
Project("{2150E333-8FDC-42A3-9474-1A3956D46DE8}") = "DS", "DS", "{02EA681E-C7D8-13C7-8484-4AC65E1B71E8}"
EndProject
Project("{FAE04EC0-301F-11D3-BF4B-00C04F79EFBC}") = "DataAccess", "DataAccess\DataAccess.csproj", "{1B501076-4F1F-4642-A6E6-F29D335C4A26}"
EndProject
Project("{FAE04EC0-301F-11D3-BF4B-00C04F79EFBC}") = "DokuzSistemBase.Core.Helper", "..\..\DokuzSistemBase-master\DokuzSistemBase-master\DokuzSistemBase.Core.Helper\DokuzSistemBase.Core.Helper.csproj", "{82D85575-B71A-CB90-70E7-2AEB02F18A65}"
EndProject
Project("{FAE04EC0-301F-11D3-BF4B-00C04F79EFBC}") = "DokuzSistemBase.Data.Dorm", "..\..\DokuzSistemBase-master\DokuzSistemBase-master\DokuzSistemBase.Data.Dorm\DokuzSistemBase.Data.Dorm.csproj", "{CDE5CF36-FFBC-B082-42E7-5BFC883C38C3}"
EndProject
Project("{FAE04EC0-301F-11D3-BF4B-00C04F79EFBC}") = "DokuzSistemBase.Data.Dorm.Infrastructure", "..\..\DokuzSistemBase-master\DokuzSistemBase-master\DokuzSistemBase.Data.Dorm.Infrastructure\DokuzSistemBase.Data.Dorm.Infrastructure.csproj", "{BBDAC8D0-34F8-D864-20C4-98441282F399}"
EndProject
Project("{FAE04EC0-301F-11D3-BF4B-00C04F79EFBC}") = "DokuzSistemBase.Data.Dorm.OutputDatas", "..\..\DokuzSistemBase-master\DokuzSistemBase-master\DokuzSistemBase.Data.Dorm.OutputDatas\DokuzSistemBase.Data.Dorm.OutputDatas.csproj", "{8299BAA2-394D-76F8-3CDD-F05D3C838B65}"
EndProject
Project("{FAE04EC0-301F-11D3-BF4B-00C04F79EFBC}") = "DokuzSistemBase.Data.Infrastructure", "..\..\DokuzSistemBase-master\DokuzSistemBase-master\DokuzSistemBase.Data.Infrastructure\DokuzSistemBase.Data.Infrastructure.csproj", "{37FBB77F-8B4B-50EB-D9F5-DE70FE2DEA58}"
EndProject
Global
	GlobalSection(SolutionConfigurationPlatforms) = preSolution
		Debug|Any CPU = Debug|Any CPU
		Release|Any CPU = Release|Any CPU
	EndGlobalSection
	GlobalSection(ProjectConfigurationPlatforms) = postSolution
		{A32BC4A4-78E7-4D51-8E37-839045D369ED}.Debug|Any CPU.ActiveCfg = Debug|Any CPU
		{A32BC4A4-78E7-4D51-8E37-839045D369ED}.Debug|Any CPU.Build.0 = Debug|Any CPU
		{A32BC4A4-78E7-4D51-8E37-839045D369ED}.Release|Any CPU.ActiveCfg = Release|Any CPU
		{A32BC4A4-78E7-4D51-8E37-839045D369ED}.Release|Any CPU.Build.0 = Release|Any CPU
		{1B501076-4F1F-4642-A6E6-F29D335C4A26}.Debug|Any CPU.ActiveCfg = Debug|Any CPU
		{1B501076-4F1F-4642-A6E6-F29D335C4A26}.Debug|Any CPU.Build.0 = Debug|Any CPU
		{1B501076-4F1F-4642-A6E6-F29D335C4A26}.Release|Any CPU.ActiveCfg = Release|Any CPU
		{1B501076-4F1F-4642-A6E6-F29D335C4A26}.Release|Any CPU.Build.0 = Release|Any CPU
		{82D85575-B71A-CB90-70E7-2AEB02F18A65}.Debug|Any CPU.ActiveCfg = Debug|Any CPU
		{82D85575-B71A-CB90-70E7-2AEB02F18A65}.Debug|Any CPU.Build.0 = Debug|Any CPU
		{82D85575-B71A-CB90-70E7-2AEB02F18A65}.Release|Any CPU.ActiveCfg = Release|Any CPU
		{82D85575-B71A-CB90-70E7-2AEB02F18A65}.Release|Any CPU.Build.0 = Release|Any CPU
		{CDE5CF36-FFBC-B082-42E7-5BFC883C38C3}.Debug|Any CPU.ActiveCfg = Debug|Any CPU
		{CDE5CF36-FFBC-B082-42E7-5BFC883C38C3}.Debug|Any CPU.Build.0 = Debug|Any CPU
		{CDE5CF36-FFBC-B082-42E7-5BFC883C38C3}.Release|Any CPU.ActiveCfg = Release|Any CPU
		{CDE5CF36-FFBC-B082-42E7-5BFC883C38C3}.Release|Any CPU.Build.0 = Release|Any CPU
		{BBDAC8D0-34F8-D864-20C4-98441282F399}.Debug|Any CPU.ActiveCfg = Debug|Any CPU
		{BBDAC8D0-34F8-D864-20C4-98441282F399}.Debug|Any CPU.Build.0 = Debug|Any CPU
		{BBDAC8D0-34F8-D864-20C4-98441282F399}.Release|Any CPU.ActiveCfg = Release|Any CPU
		{BBDAC8D0-34F8-D864-20C4-98441282F399}.Release|Any CPU.Build.0 = Release|Any CPU
		{8299BAA2-394D-76F8-3CDD-F05D3C838B65}.Debug|Any CPU.ActiveCfg = Debug|Any CPU
		{8299BAA2-394D-76F8-3CDD-F05D3C838B65}.Debug|Any CPU.Build.0 = Debug|Any CPU
		{8299BAA2-394D-76F8-3CDD-F05D3C838B65}.Release|Any CPU.ActiveCfg = Release|Any CPU
		{8299BAA2-394D-76F8-3CDD-F05D3C838B65}.Release|Any CPU.Build.0 = Release|Any CPU
		{37FBB77F-8B4B-50EB-D9F5-DE70FE2DEA58}.Debug|Any CPU.ActiveCfg = Debug|Any CPU
		{37FBB77F-8B4B-50EB-D9F5-DE70FE2DEA58}.Debug|Any CPU.Build.0 = Debug|Any CPU
		{37FBB77F-8B4B-50EB-D9F5-DE70FE2DEA58}.Release|Any CPU.ActiveCfg = Release|Any CPU
		{37FBB77F-8B4B-50EB-D9F5-DE70FE2DEA58}.Release|Any CPU.Build.0 = Release|Any CPU
	EndGlobalSection
	GlobalSection(SolutionProperties) = preSolution
		HideSolutionNode = FALSE
	EndGlobalSection
	GlobalSection(NestedProjects) = preSolution
		{82D85575-B71A-CB90-70E7-2AEB02F18A65} = {02EA681E-C7D8-13C7-8484-4AC65E1B71E8}
		{CDE5CF36-FFBC-B082-42E7-5BFC883C38C3} = {02EA681E-C7D8-13C7-8484-4AC65E1B71E8}
		{BBDAC8D0-34F8-D864-20C4-98441282F399} = {02EA681E-C7D8-13C7-8484-4AC65E1B71E8}
		{8299BAA2-394D-76F8-3CDD-F05D3C838B65} = {02EA681E-C7D8-13C7-8484-4AC65E1B71E8}
		{37FBB77F-8B4B-50EB-D9F5-DE70FE2DEA58} = {02EA681E-C7D8-13C7-8484-4AC65E1B71E8}
	EndGlobalSection
	GlobalSection(ExtensibilityGlobals) = postSolution
		SolutionGuid = {5BBAFE58-496D-4E68-A616-FBE3B2EDAA3D}
	EndGlobalSection
EndGlobal
