
Microsoft Visual Studio Solution File, Format Version 12.00
# Visual Studio Version 17
VisualStudioVersion = 17.14.36414.22
MinimumVisualStudioVersion = 10.0.40219.1
Project("{FAE04EC0-301F-11D3-BF4B-00C04F79EFBC}") = "TelefonRehberi.UI", "TelefonRehberi.UI\TelefonRehberi.UI.csproj", "{A32BC4A4-78E7-4D51-8E37-839045D369ED}"
	ProjectSection(ProjectDependencies) = postProject
		{DABFCA76-6ED7-442E-80BA-336FF8888932} = {DABFCA76-6ED7-442E-80BA-336FF8888932}
	EndProjectSection
EndProject
Project("{FAE04EC0-301F-11D3-BF4B-00C04F79EFBC}") = "TelefonRehberi.API", "TelefonRehberi.API\TelefonRehberi.API.csproj", "{DB5E68C5-49F1-41F3-9155-30063FE97834}"
EndProject
Project("{FAE04EC0-301F-11D3-BF4B-00C04F79EFBC}") = "TelefonRehberi.Shared", "TelefonRehberi.Shared\TelefonRehberi.Shared.csproj", "{DABFCA76-6ED7-442E-80BA-336FF8888932}"
EndProject
Project("{2150E333-8FDC-42A3-9474-1A3956D46DE8}") = "DS", "DS", "{02EA681E-C7D8-13C7-8484-4AC65E1B71E8}"
EndProject
Project("{FAE04EC0-301F-11D3-BF4B-00C04F79EFBC}") = "DokuzSistemBase.Core.Helper", "..\DokuzSistemBase\DokuzSistemBase.Core.Helper\DokuzSistemBase.Core.Helper.csproj", "{095B5FD1-4729-A2A5-EAA0-FE1D0FCAD2D1}"
EndProject
Project("{FAE04EC0-301F-11D3-BF4B-00C04F79EFBC}") = "DokuzSistemBase.Data.Dorm", "..\DokuzSistemBase\DokuzSistemBase.Data.Dorm\DokuzSistemBase.Data.Dorm.csproj", "{D5DD51E0-5E2F-A7B2-FFA3-57AF28E7A649}"
EndProject
Project("{FAE04EC0-301F-11D3-BF4B-00C04F79EFBC}") = "DokuzSistemBase.Data.Dorm.Infrastructure", "..\DokuzSistemBase\DokuzSistemBase.Data.Dorm.Infrastructure\DokuzSistemBase.Data.Dorm.Infrastructure.csproj", "{5FB2C762-69BA-D0DF-D79B-CE34516B5533}"
EndProject
Project("{FAE04EC0-301F-11D3-BF4B-00C04F79EFBC}") = "DokuzSistemBase.Data.Dorm.OutputDatas", "..\DokuzSistemBase\DokuzSistemBase.Data.Dorm.OutputDatas\DokuzSistemBase.Data.Dorm.OutputDatas.csproj", "{5698069D-4A03-2B4C-F1ED-0ACD44AF49D0}"
EndProject
Project("{FAE04EC0-301F-11D3-BF4B-00C04F79EFBC}") = "DokuzSistemBase.Data.Infrastructure", "..\DokuzSistemBase\DokuzSistemBase.Data.Infrastructure\DokuzSistemBase.Data.Infrastructure.csproj", "{A90814D0-7ADC-4B57-8162-74DC8F5260F0}"
EndProject
Global
	GlobalSection(SolutionConfigurationPlatforms) = preSolution
		Debug|Any CPU = Debug|Any CPU
		Release|Any CPU = Release|Any CPU
	EndGlobalSection
	GlobalSection(ProjectConfigurationPlatforms) = postSolution
		{A32BC4A4-78E7-4D51-8E37-839045D369ED}.Debug|Any CPU.ActiveCfg = Debug|Any CPU
		{A32BC4A4-78E7-4D51-8E37-839045D369ED}.Debug|Any CPU.Build.0 = Debug|Any CPU
		{A32BC4A4-78E7-4D51-8E37-839045D369ED}.Release|Any CPU.ActiveCfg = Release|Any CPU
		{A32BC4A4-78E7-4D51-8E37-839045D369ED}.Release|Any CPU.Build.0 = Release|Any CPU
		{DB5E68C5-49F1-41F3-9155-30063FE97834}.Debug|Any CPU.ActiveCfg = Debug|Any CPU
		{DB5E68C5-49F1-41F3-9155-30063FE97834}.Debug|Any CPU.Build.0 = Debug|Any CPU
		{DB5E68C5-49F1-41F3-9155-30063FE97834}.Release|Any CPU.ActiveCfg = Release|Any CPU
		{DB5E68C5-49F1-41F3-9155-30063FE97834}.Release|Any CPU.Build.0 = Release|Any CPU
		{DABFCA76-6ED7-442E-80BA-336FF8888932}.Debug|Any CPU.ActiveCfg = Debug|Any CPU
		{DABFCA76-6ED7-442E-80BA-336FF8888932}.Debug|Any CPU.Build.0 = Debug|Any CPU
		{DABFCA76-6ED7-442E-80BA-336FF8888932}.Release|Any CPU.ActiveCfg = Release|Any CPU
		{DABFCA76-6ED7-442E-80BA-336FF8888932}.Release|Any CPU.Build.0 = Release|Any CPU
		{095B5FD1-4729-A2A5-EAA0-FE1D0FCAD2D1}.Debug|Any CPU.ActiveCfg = Debug|Any CPU
		{095B5FD1-4729-A2A5-EAA0-FE1D0FCAD2D1}.Debug|Any CPU.Build.0 = Debug|Any CPU
		{095B5FD1-4729-A2A5-EAA0-FE1D0FCAD2D1}.Release|Any CPU.ActiveCfg = Release|Any CPU
		{095B5FD1-4729-A2A5-EAA0-FE1D0FCAD2D1}.Release|Any CPU.Build.0 = Release|Any CPU
		{D5DD51E0-5E2F-A7B2-FFA3-57AF28E7A649}.Debug|Any CPU.ActiveCfg = Debug|Any CPU
		{D5DD51E0-5E2F-A7B2-FFA3-57AF28E7A649}.Debug|Any CPU.Build.0 = Debug|Any CPU
		{D5DD51E0-5E2F-A7B2-FFA3-57AF28E7A649}.Release|Any CPU.ActiveCfg = Release|Any CPU
		{D5DD51E0-5E2F-A7B2-FFA3-57AF28E7A649}.Release|Any CPU.Build.0 = Release|Any CPU
		{5FB2C762-69BA-D0DF-D79B-CE34516B5533}.Debug|Any CPU.ActiveCfg = Debug|Any CPU
		{5FB2C762-69BA-D0DF-D79B-CE34516B5533}.Debug|Any CPU.Build.0 = Debug|Any CPU
		{5FB2C762-69BA-D0DF-D79B-CE34516B5533}.Release|Any CPU.ActiveCfg = Release|Any CPU
		{5FB2C762-69BA-D0DF-D79B-CE34516B5533}.Release|Any CPU.Build.0 = Release|Any CPU
		{5698069D-4A03-2B4C-F1ED-0ACD44AF49D0}.Debug|Any CPU.ActiveCfg = Debug|Any CPU
		{5698069D-4A03-2B4C-F1ED-0ACD44AF49D0}.Debug|Any CPU.Build.0 = Debug|Any CPU
		{5698069D-4A03-2B4C-F1ED-0ACD44AF49D0}.Release|Any CPU.ActiveCfg = Release|Any CPU
		{5698069D-4A03-2B4C-F1ED-0ACD44AF49D0}.Release|Any CPU.Build.0 = Release|Any CPU
		{A90814D0-7ADC-4B57-8162-74DC8F5260F0}.Debug|Any CPU.ActiveCfg = Debug|Any CPU
		{A90814D0-7ADC-4B57-8162-74DC8F5260F0}.Debug|Any CPU.Build.0 = Debug|Any CPU
		{A90814D0-7ADC-4B57-8162-74DC8F5260F0}.Release|Any CPU.ActiveCfg = Release|Any CPU
		{A90814D0-7ADC-4B57-8162-74DC8F5260F0}.Release|Any CPU.Build.0 = Release|Any CPU
	EndGlobalSection
	GlobalSection(SolutionProperties) = preSolution
		HideSolutionNode = FALSE
	EndGlobalSection
	GlobalSection(NestedProjects) = preSolution
		{095B5FD1-4729-A2A5-EAA0-FE1D0FCAD2D1} = {02EA681E-C7D8-13C7-8484-4AC65E1B71E8}
		{D5DD51E0-5E2F-A7B2-FFA3-57AF28E7A649} = {02EA681E-C7D8-13C7-8484-4AC65E1B71E8}
		{5FB2C762-69BA-D0DF-D79B-CE34516B5533} = {02EA681E-C7D8-13C7-8484-4AC65E1B71E8}
		{5698069D-4A03-2B4C-F1ED-0ACD44AF49D0} = {02EA681E-C7D8-13C7-8484-4AC65E1B71E8}
		{A90814D0-7ADC-4B57-8162-74DC8F5260F0} = {02EA681E-C7D8-13C7-8484-4AC65E1B71E8}
	EndGlobalSection
	GlobalSection(ExtensibilityGlobals) = postSolution
		SolutionGuid = {5BBAFE58-496D-4E68-A616-FBE3B2EDAA3D}
	EndGlobalSection
EndGlobal
